
Microsoft Visual Studio Solution File, Format Version 12.00
# Visual Studio Version 16
VisualStudioVersion = 16.0.29318.209
MinimumVisualStudioVersion = 10.0.40219.1
Project("{FAE04EC0-301F-11D3-BF4B-00C04F79EFBC}") = "App", "App\App.csproj", "{6139E2C1-D95C-4B2B-A0B6-B46B58784248}"
EndProject
Global
	GlobalSection(SolutionConfigurationPlatforms) = preSolution
		Debug|Any CPU = Debug|Any CPU
		Release|Any CPU = Release|Any CPU
	EndGlobalSection
	GlobalSection(ProjectConfigurationPlatforms) = postSolution
		{6139E2C1-D95C-4B2B-A0B6-B46B58784248}.Debug|Any CPU.ActiveCfg = Debug|Any CPU
		{6139E2C1-D95C-4B2B-A0B6-B46B58784248}.Debug|Any CPU.Build.0 = Debug|Any CPU
		{6139E2C1-D95C-4B2B-A0B6-B46B58784248}.Release|Any CPU.ActiveCfg = Release|Any CPU
		{6139E2C1-D95C-4B2B-A0B6-B46B58784248}.Release|Any CPU.Build.0 = Release|Any CPU
	EndGlobalSection
	GlobalSection(SolutionProperties) = preSolution
		HideSolutionNode = FALSE
	EndGlobalSection
	GlobalSection(ExtensibilityGlobals) = postSolution
		SolutionGuid = {578C5E9B-3087-4DD1-824F-97D948CA2D6D}
	EndGlobalSection
EndGlobal
