
Microsoft Visual Studio Solution File, Format Version 12.00
# Visual Studio Version 16
VisualStudioVersion = 16.0.29209.152
MinimumVisualStudioVersion = 10.0.40219.1
Project("{FAE04EC0-301F-11D3-BF4B-00C04F79EFBC}") = "App", "App\App.csproj", "{ED9A1973-1C6A-4D13-90B0-BDF4BE80BF1B}"
EndProject
Global
	GlobalSection(SolutionConfigurationPlatforms) = preSolution
		Debug|Any CPU = Debug|Any CPU
		Release|Any CPU = Release|Any CPU
	EndGlobalSection
	GlobalSection(ProjectConfigurationPlatforms) = postSolution
		{ED9A1973-1C6A-4D13-90B0-BDF4BE80BF1B}.Debug|Any CPU.ActiveCfg = Debug|Any CPU
		{ED9A1973-1C6A-4D13-90B0-BDF4BE80BF1B}.Debug|Any CPU.Build.0 = Debug|Any CPU
		{ED9A1973-1C6A-4D13-90B0-BDF4BE80BF1B}.Release|Any CPU.ActiveCfg = Release|Any CPU
		{ED9A1973-1C6A-4D13-90B0-BDF4BE80BF1B}.Release|Any CPU.Build.0 = Release|Any CPU
	EndGlobalSection
	GlobalSection(SolutionProperties) = preSolution
		HideSolutionNode = FALSE
	EndGlobalSection
	GlobalSection(ExtensibilityGlobals) = postSolution
		SolutionGuid = {0875D2E1-562B-4DAF-97DF-92C5D30039EF}
	EndGlobalSection
EndGlobal
