
Microsoft Visual Studio Solution File, Format Version 12.00
# Visual Studio Version 16
VisualStudioVersion = 16.0.29209.152
MinimumVisualStudioVersion = 10.0.40219.1
Project("{9A19103F-16F7-4668-BE54-9A1E7A4F7556}") = "helloworld", "helloworld\helloworld.csproj", "{7EDB8CAD-DF28-48FF-84E4-A564D0325210}"
EndProject
Global
	GlobalSection(SolutionConfigurationPlatforms) = preSolution
		Debug|Any CPU = Debug|Any CPU
		Release|Any CPU = Release|Any CPU
	EndGlobalSection
	GlobalSection(ProjectConfigurationPlatforms) = postSolution
		{7EDB8CAD-DF28-48FF-84E4-A564D0325210}.Debug|Any CPU.ActiveCfg = Debug|Any CPU
		{7EDB8CAD-DF28-48FF-84E4-A564D0325210}.Debug|Any CPU.Build.0 = Debug|Any CPU
		{7EDB8CAD-DF28-48FF-84E4-A564D0325210}.Release|Any CPU.ActiveCfg = Release|Any CPU
		{7EDB8CAD-DF28-48FF-84E4-A564D0325210}.Release|Any CPU.Build.0 = Release|Any CPU
	EndGlobalSection
	GlobalSection(SolutionProperties) = preSolution
		HideSolutionNode = FALSE
	EndGlobalSection
	GlobalSection(ExtensibilityGlobals) = postSolution
		SolutionGuid = {6A8F7196-70B2-4050-950D-8C5A537E4E88}
	EndGlobalSection
EndGlobal
