
Microsoft Visual Studio Solution File, Format Version 12.00
# Visual Studio Version 16
VisualStudioVersion = 16.0.29318.209
MinimumVisualStudioVersion = 10.0.40219.1
Project("{FAE04EC0-301F-11D3-BF4B-00C04F79EFBC}") = "App", "App\App.csproj", "{AA10C697-854A-4F90-B0F2-443C91B41E71}"
EndProject
Global
	GlobalSection(SolutionConfigurationPlatforms) = preSolution
		Debug|Any CPU = Debug|Any CPU
		Release|Any CPU = Release|Any CPU
	EndGlobalSection
	GlobalSection(ProjectConfigurationPlatforms) = postSolution
		{AA10C697-854A-4F90-B0F2-443C91B41E71}.Debug|Any CPU.ActiveCfg = Debug|Any CPU
		{AA10C697-854A-4F90-B0F2-443C91B41E71}.Debug|Any CPU.Build.0 = Debug|Any CPU
		{AA10C697-854A-4F90-B0F2-443C91B41E71}.Release|Any CPU.ActiveCfg = Release|Any CPU
		{AA10C697-854A-4F90-B0F2-443C91B41E71}.Release|Any CPU.Build.0 = Release|Any CPU
	EndGlobalSection
	GlobalSection(SolutionProperties) = preSolution
		HideSolutionNode = FALSE
	EndGlobalSection
	GlobalSection(ExtensibilityGlobals) = postSolution
		SolutionGuid = {854E50E8-EDA4-4A76-82CC-40C4A37655AB}
	EndGlobalSection
EndGlobal
