
Microsoft Visual Studio Solution File, Format Version 12.00
# Visual Studio Version 16
VisualStudioVersion = 16.0.29318.209
MinimumVisualStudioVersion = 10.0.40219.1
Project("{FAE04EC0-301F-11D3-BF4B-00C04F79EFBC}") = "App", "App\App.csproj", "{0BA9E902-E12A-47BC-A39A-F12EB68DBEA4}"
EndProject
Global
	GlobalSection(SolutionConfigurationPlatforms) = preSolution
		Debug|Any CPU = Debug|Any CPU
		Release|Any CPU = Release|Any CPU
	EndGlobalSection
	GlobalSection(ProjectConfigurationPlatforms) = postSolution
		{0BA9E902-E12A-47BC-A39A-F12EB68DBEA4}.Debug|Any CPU.ActiveCfg = Debug|Any CPU
		{0BA9E902-E12A-47BC-A39A-F12EB68DBEA4}.Debug|Any CPU.Build.0 = Debug|Any CPU
		{0BA9E902-E12A-47BC-A39A-F12EB68DBEA4}.Release|Any CPU.ActiveCfg = Release|Any CPU
		{0BA9E902-E12A-47BC-A39A-F12EB68DBEA4}.Release|Any CPU.Build.0 = Release|Any CPU
	EndGlobalSection
	GlobalSection(SolutionProperties) = preSolution
		HideSolutionNode = FALSE
	EndGlobalSection
	GlobalSection(ExtensibilityGlobals) = postSolution
		SolutionGuid = {3450DB90-4B60-4EC1-841C-93C5E5ECE7F6}
	EndGlobalSection
EndGlobal
